<Solution>
  <Folder Name="/Éléments de solution/">
    <File Path="../../Users/matth/OneDrive/Desktop/Bullshit/EmployeeIcon.png" />
    <File Path="../../Users/matth/OneDrive/Desktop/Bullshit/ManagerIcon.png" />
    <File Path="../../Users/matth/OneDrive/Desktop/Bullshit/refresh.png" />
  </Folder>
  <Project Path="UniprixOperations.csproj" />
</Solution>
